
Microsoft Visual Studio Solution File, Format Version 12.00
# Visual Studio Version 17
VisualStudioVersion = 17.2.32630.192
MinimumVisualStudioVersion = 10.0.40219.1
Project("{2150E333-8FDC-42A3-9474-1A3956D46DE8}") = "Infrastructure", "Infrastructure", "{2955D92C-A558-4B2E-A068-4BE7A13D53F7}"
EndProject
Project("{2150E333-8FDC-42A3-9474-1A3956D46DE8}") = "Presentation", "Presentation", "{26D0DFA1-5225-4BF0-9DDB-B8BCC3467210}"
EndProject
Project("{9A19103F-16F7-4668-BE54-9A1E7A4F7556}") = "SfeduSchedule.WebApi", "src\Presentation\SfeduSchedule.WebApi\SfeduSchedule.WebApi.csproj", "{86259ED9-883F-4E4A-9909-7E64D243502D}"
EndProject
Project("{2150E333-8FDC-42A3-9474-1A3956D46DE8}") = "Docs", "Docs", "{8CF7838A-3F15-4FCC-BD5F-3D118ADAD061}"
EndProject
Project("{2150E333-8FDC-42A3-9474-1A3956D46DE8}") = "Tests", "Tests", "{BDDFCBF2-0E51-46A2-8DBE-CFF3760BCEC1}"
EndProject
Project("{2150E333-8FDC-42A3-9474-1A3956D46DE8}") = "src", "src", "{9CC0EAE6-FC0E-4F2D-B2A9-C3647C6958EA}"
EndProject
Project("{9A19103F-16F7-4668-BE54-9A1E7A4F7556}") = "SfeduSchedule.Persistence", "src\Infrastructure\SfeduSchedule.Persistence\SfeduSchedule.Persistence.csproj", "{17877A8A-07D2-46EB-B07D-468AC2D070A1}"
EndProject
Project("{2150E333-8FDC-42A3-9474-1A3956D46DE8}") = "Core", "Core", "{27F3A266-22F6-44EB-8877-960979066A46}"
EndProject
Project("{9A19103F-16F7-4668-BE54-9A1E7A4F7556}") = "SfeduSchedule.Domain", "src\Core\SfeduSchedule.Domain\SfeduSchedule.Domain.csproj", "{D99F37B4-1CAB-4FB7-BA83-7076D1F74C21}"
EndProject
Project("{9A19103F-16F7-4668-BE54-9A1E7A4F7556}") = "SfeduSchedule.Application", "src\Core\SfeduSchedule.Application\SfeduSchedule.Application.csproj", "{6AC6CC9E-F684-4359-ABFB-4FA2140EA45D}"
EndProject
Global
	GlobalSection(SolutionConfigurationPlatforms) = preSolution
		Debug|Any CPU = Debug|Any CPU
		Release|Any CPU = Release|Any CPU
	EndGlobalSection
	GlobalSection(ProjectConfigurationPlatforms) = postSolution
		{86259ED9-883F-4E4A-9909-7E64D243502D}.Debug|Any CPU.ActiveCfg = Debug|Any CPU
		{86259ED9-883F-4E4A-9909-7E64D243502D}.Debug|Any CPU.Build.0 = Debug|Any CPU
		{86259ED9-883F-4E4A-9909-7E64D243502D}.Release|Any CPU.ActiveCfg = Release|Any CPU
		{86259ED9-883F-4E4A-9909-7E64D243502D}.Release|Any CPU.Build.0 = Release|Any CPU
		{17877A8A-07D2-46EB-B07D-468AC2D070A1}.Debug|Any CPU.ActiveCfg = Debug|Any CPU
		{17877A8A-07D2-46EB-B07D-468AC2D070A1}.Debug|Any CPU.Build.0 = Debug|Any CPU
		{17877A8A-07D2-46EB-B07D-468AC2D070A1}.Release|Any CPU.ActiveCfg = Release|Any CPU
		{17877A8A-07D2-46EB-B07D-468AC2D070A1}.Release|Any CPU.Build.0 = Release|Any CPU
		{D99F37B4-1CAB-4FB7-BA83-7076D1F74C21}.Debug|Any CPU.ActiveCfg = Debug|Any CPU
		{D99F37B4-1CAB-4FB7-BA83-7076D1F74C21}.Debug|Any CPU.Build.0 = Debug|Any CPU
		{D99F37B4-1CAB-4FB7-BA83-7076D1F74C21}.Release|Any CPU.ActiveCfg = Release|Any CPU
		{D99F37B4-1CAB-4FB7-BA83-7076D1F74C21}.Release|Any CPU.Build.0 = Release|Any CPU
		{6AC6CC9E-F684-4359-ABFB-4FA2140EA45D}.Debug|Any CPU.ActiveCfg = Debug|Any CPU
		{6AC6CC9E-F684-4359-ABFB-4FA2140EA45D}.Debug|Any CPU.Build.0 = Debug|Any CPU
		{6AC6CC9E-F684-4359-ABFB-4FA2140EA45D}.Release|Any CPU.ActiveCfg = Release|Any CPU
		{6AC6CC9E-F684-4359-ABFB-4FA2140EA45D}.Release|Any CPU.Build.0 = Release|Any CPU
	EndGlobalSection
	GlobalSection(SolutionProperties) = preSolution
		HideSolutionNode = FALSE
	EndGlobalSection
	GlobalSection(NestedProjects) = preSolution
		{2955D92C-A558-4B2E-A068-4BE7A13D53F7} = {9CC0EAE6-FC0E-4F2D-B2A9-C3647C6958EA}
		{26D0DFA1-5225-4BF0-9DDB-B8BCC3467210} = {9CC0EAE6-FC0E-4F2D-B2A9-C3647C6958EA}
		{86259ED9-883F-4E4A-9909-7E64D243502D} = {26D0DFA1-5225-4BF0-9DDB-B8BCC3467210}
		{17877A8A-07D2-46EB-B07D-468AC2D070A1} = {2955D92C-A558-4B2E-A068-4BE7A13D53F7}
		{27F3A266-22F6-44EB-8877-960979066A46} = {9CC0EAE6-FC0E-4F2D-B2A9-C3647C6958EA}
		{D99F37B4-1CAB-4FB7-BA83-7076D1F74C21} = {27F3A266-22F6-44EB-8877-960979066A46}
		{6AC6CC9E-F684-4359-ABFB-4FA2140EA45D} = {27F3A266-22F6-44EB-8877-960979066A46}
	EndGlobalSection
	GlobalSection(ExtensibilityGlobals) = postSolution
		SolutionGuid = {01B3CF8E-4AD8-4012-BE31-5C97E19726EB}
	EndGlobalSection
EndGlobal
