
Microsoft Visual Studio Solution File, Format Version 12.00
# Visual Studio Version 17
VisualStudioVersion = 17.2.32630.192
MinimumVisualStudioVersion = 10.0.40219.1
Project("{2150E333-8FDC-42A3-9474-1A3956D46DE8}") = "src", "src", "{9CC0EAE6-FC0E-4F2D-B2A9-C3647C6958EA}"
EndProject
Project("{9A19103F-16F7-4668-BE54-9A1E7A4F7556}") = "SfeduSchedule.WebApi", "src\Presentation\SfeduSchedule.WebApi\SfeduSchedule.WebApi.csproj", "{708BA3FC-C423-41B2-938C-2B8E3636CC05}"
EndProject
Project("{2150E333-8FDC-42A3-9474-1A3956D46DE8}") = "Presentation", "Presentation", "{9FBF64B8-7F48-4B84-894F-87D5AD3D9F46}"
EndProject
Project("{9A19103F-16F7-4668-BE54-9A1E7A4F7556}") = "SfeduSchedule.Persistence", "src\Infrastructure\SfeduSchedule.Persistence\SfeduSchedule.Persistence.csproj", "{085F2448-DC27-48B4-B41F-9727BA6A89DD}"
EndProject
Project("{9A19103F-16F7-4668-BE54-9A1E7A4F7556}") = "SfeduSchedule.Application", "src\Core\SfeduSchedule.Application\SfeduSchedule.Application.csproj", "{0E72DF86-0941-4EC1-B858-DE9F5B81F49B}"
EndProject
Project("{9A19103F-16F7-4668-BE54-9A1E7A4F7556}") = "SfeduSchedule.Domain", "src\Core\SfeduSchedule.Domain\SfeduSchedule.Domain.csproj", "{AECB5ED2-7FEE-45ED-BCE0-1EB4ECF53E50}"
EndProject
Global
	GlobalSection(SolutionConfigurationPlatforms) = preSolution
		Debug|Any CPU = Debug|Any CPU
		Release|Any CPU = Release|Any CPU
	EndGlobalSection
	GlobalSection(ProjectConfigurationPlatforms) = postSolution
		{708BA3FC-C423-41B2-938C-2B8E3636CC05}.Debug|Any CPU.ActiveCfg = Debug|Any CPU
		{708BA3FC-C423-41B2-938C-2B8E3636CC05}.Debug|Any CPU.Build.0 = Debug|Any CPU
		{708BA3FC-C423-41B2-938C-2B8E3636CC05}.Release|Any CPU.ActiveCfg = Release|Any CPU
		{708BA3FC-C423-41B2-938C-2B8E3636CC05}.Release|Any CPU.Build.0 = Release|Any CPU
		{085F2448-DC27-48B4-B41F-9727BA6A89DD}.Debug|Any CPU.ActiveCfg = Debug|Any CPU
		{085F2448-DC27-48B4-B41F-9727BA6A89DD}.Debug|Any CPU.Build.0 = Debug|Any CPU
		{085F2448-DC27-48B4-B41F-9727BA6A89DD}.Release|Any CPU.ActiveCfg = Release|Any CPU
		{085F2448-DC27-48B4-B41F-9727BA6A89DD}.Release|Any CPU.Build.0 = Release|Any CPU
		{0E72DF86-0941-4EC1-B858-DE9F5B81F49B}.Debug|Any CPU.ActiveCfg = Debug|Any CPU
		{0E72DF86-0941-4EC1-B858-DE9F5B81F49B}.Debug|Any CPU.Build.0 = Debug|Any CPU
		{0E72DF86-0941-4EC1-B858-DE9F5B81F49B}.Release|Any CPU.ActiveCfg = Release|Any CPU
		{0E72DF86-0941-4EC1-B858-DE9F5B81F49B}.Release|Any CPU.Build.0 = Release|Any CPU
		{AECB5ED2-7FEE-45ED-BCE0-1EB4ECF53E50}.Debug|Any CPU.ActiveCfg = Debug|Any CPU
		{AECB5ED2-7FEE-45ED-BCE0-1EB4ECF53E50}.Debug|Any CPU.Build.0 = Debug|Any CPU
		{AECB5ED2-7FEE-45ED-BCE0-1EB4ECF53E50}.Release|Any CPU.ActiveCfg = Release|Any CPU
		{AECB5ED2-7FEE-45ED-BCE0-1EB4ECF53E50}.Release|Any CPU.Build.0 = Release|Any CPU
	EndGlobalSection
	GlobalSection(SolutionProperties) = preSolution
		HideSolutionNode = FALSE
	EndGlobalSection
	GlobalSection(NestedProjects) = preSolution
		{708BA3FC-C423-41B2-938C-2B8E3636CC05} = {9FBF64B8-7F48-4B84-894F-87D5AD3D9F46}
		{9FBF64B8-7F48-4B84-894F-87D5AD3D9F46} = {9CC0EAE6-FC0E-4F2D-B2A9-C3647C6958EA}
	EndGlobalSection
	GlobalSection(ExtensibilityGlobals) = postSolution
		SolutionGuid = {01B3CF8E-4AD8-4012-BE31-5C97E19726EB}
	EndGlobalSection
EndGlobal
